
Microsoft Visual Studio Solution File, Format Version 12.00
# Visual Studio Version 17
VisualStudioVersion = 17.6.33829.357
MinimumVisualStudioVersion = 10.0.40219.1
Project("{8BC9CEB8-8B4A-11D0-8D11-00A0C91BC942}") = "CNN_Brushed", "CNN_Brushed\CNN_Brushed.vcxproj", "{9CC4F927-FDFC-4D37-AAD7-EABAE93D47EA}"
EndProject
Global
	GlobalSection(SolutionConfigurationPlatforms) = preSolution
		Debug|x64 = Debug|x64
		Debug|x86 = Debug|x86
		Release|x64 = Release|x64
		Release|x86 = Release|x86
	EndGlobalSection
	GlobalSection(ProjectConfigurationPlatforms) = postSolution
		{9CC4F927-FDFC-4D37-AAD7-EABAE93D47EA}.Debug|x64.ActiveCfg = Debug|x64
		{9CC4F927-FDFC-4D37-AAD7-EABAE93D47EA}.Debug|x64.Build.0 = Debug|x64
		{9CC4F927-FDFC-4D37-AAD7-EABAE93D47EA}.Debug|x86.ActiveCfg = Debug|Win32
		{9CC4F927-FDFC-4D37-AAD7-EABAE93D47EA}.Debug|x86.Build.0 = Debug|Win32
		{9CC4F927-FDFC-4D37-AAD7-EABAE93D47EA}.Release|x64.ActiveCfg = Release|x64
		{9CC4F927-FDFC-4D37-AAD7-EABAE93D47EA}.Release|x64.Build.0 = Release|x64
		{9CC4F927-FDFC-4D37-AAD7-EABAE93D47EA}.Release|x86.ActiveCfg = Release|Win32
		{9CC4F927-FDFC-4D37-AAD7-EABAE93D47EA}.Release|x86.Build.0 = Release|Win32
	EndGlobalSection
	GlobalSection(SolutionProperties) = preSolution
		HideSolutionNode = FALSE
	EndGlobalSection
	GlobalSection(ExtensibilityGlobals) = postSolution
		SolutionGuid = {A9E780DC-8724-4FF8-8A1E-E86956E6B8D9}
	EndGlobalSection
EndGlobal
